
Microsoft Visual Studio Solution File, Format Version 12.00
# Visual Studio 15
VisualStudioVersion = 15.0.27130.2027
MinimumVisualStudioVersion = 10.0.40219.1
Project("{9A19103F-16F7-4668-BE54-9A1E7A4F7556}") = "Sentry", "Sentry\Sentry.csproj", "{370E18F9-41F1-4F37-92D5-CB011488077D}"
	ProjectSection(ProjectDependencies) = postProject
		{53A5E71F-ADD0-480E-A114-E884F7107E94} = {53A5E71F-ADD0-480E-A114-E884F7107E94}
		{AE2A75B0-B004-4778-8497-FB0051301F6E} = {AE2A75B0-B004-4778-8497-FB0051301F6E}
		{58F33CFF-94E1-468A-8A31-449D9D7D44BC} = {58F33CFF-94E1-468A-8A31-449D9D7D44BC}
	EndProjectSection
EndProject
Project("{9A19103F-16F7-4668-BE54-9A1E7A4F7556}") = "Aids", "Aids\Aids.csproj", "{11B821F3-0F78-4075-A81E-0F00B6C80D93}"
EndProject
Project("{9A19103F-16F7-4668-BE54-9A1E7A4F7556}") = "Core", "Core\Core.csproj", "{32348BF9-4CAF-4950-AA4F-95D819B8505D}"
	ProjectSection(ProjectDependencies) = postProject
		{11B821F3-0F78-4075-A81E-0F00B6C80D93} = {11B821F3-0F78-4075-A81E-0F00B6C80D93}
	EndProjectSection
EndProject
Project("{9A19103F-16F7-4668-BE54-9A1E7A4F7556}") = "Data", "Data\Data.csproj", "{B2CA5935-9885-40D8-80DE-CA193D7446EC}"
	ProjectSection(ProjectDependencies) = postProject
		{11B821F3-0F78-4075-A81E-0F00B6C80D93} = {11B821F3-0F78-4075-A81E-0F00B6C80D93}
		{32348BF9-4CAF-4950-AA4F-95D819B8505D} = {32348BF9-4CAF-4950-AA4F-95D819B8505D}
	EndProjectSection
EndProject
Project("{9A19103F-16F7-4668-BE54-9A1E7A4F7556}") = "Domain", "Domain\Domain.csproj", "{58F33CFF-94E1-468A-8A31-449D9D7D44BC}"
	ProjectSection(ProjectDependencies) = postProject
		{B2CA5935-9885-40D8-80DE-CA193D7446EC} = {B2CA5935-9885-40D8-80DE-CA193D7446EC}
		{11B821F3-0F78-4075-A81E-0F00B6C80D93} = {11B821F3-0F78-4075-A81E-0F00B6C80D93}
		{32348BF9-4CAF-4950-AA4F-95D819B8505D} = {32348BF9-4CAF-4950-AA4F-95D819B8505D}
	EndProjectSection
EndProject
Project("{9A19103F-16F7-4668-BE54-9A1E7A4F7556}") = "Facade", "Facade\Facade.csproj", "{53A5E71F-ADD0-480E-A114-E884F7107E94}"
	ProjectSection(ProjectDependencies) = postProject
		{58F33CFF-94E1-468A-8A31-449D9D7D44BC} = {58F33CFF-94E1-468A-8A31-449D9D7D44BC}
	EndProjectSection
EndProject
Project("{9A19103F-16F7-4668-BE54-9A1E7A4F7556}") = "Infra", "Infra\Infra.csproj", "{AE2A75B0-B004-4778-8497-FB0051301F6E}"
	ProjectSection(ProjectDependencies) = postProject
		{B2CA5935-9885-40D8-80DE-CA193D7446EC} = {B2CA5935-9885-40D8-80DE-CA193D7446EC}
		{11B821F3-0F78-4075-A81E-0F00B6C80D93} = {11B821F3-0F78-4075-A81E-0F00B6C80D93}
		{32348BF9-4CAF-4950-AA4F-95D819B8505D} = {32348BF9-4CAF-4950-AA4F-95D819B8505D}
		{58F33CFF-94E1-468A-8A31-449D9D7D44BC} = {58F33CFF-94E1-468A-8A31-449D9D7D44BC}
	EndProjectSection
EndProject
Project("{9A19103F-16F7-4668-BE54-9A1E7A4F7556}") = "Tests", "Tests\Tests.csproj", "{B343D7F7-474D-4B5C-890F-303E3B47B399}"
	ProjectSection(ProjectDependencies) = postProject
		{53A5E71F-ADD0-480E-A114-E884F7107E94} = {53A5E71F-ADD0-480E-A114-E884F7107E94}
		{B2CA5935-9885-40D8-80DE-CA193D7446EC} = {B2CA5935-9885-40D8-80DE-CA193D7446EC}
		{AE2A75B0-B004-4778-8497-FB0051301F6E} = {AE2A75B0-B004-4778-8497-FB0051301F6E}
		{11B821F3-0F78-4075-A81E-0F00B6C80D93} = {11B821F3-0F78-4075-A81E-0F00B6C80D93}
		{370E18F9-41F1-4F37-92D5-CB011488077D} = {370E18F9-41F1-4F37-92D5-CB011488077D}
		{32348BF9-4CAF-4950-AA4F-95D819B8505D} = {32348BF9-4CAF-4950-AA4F-95D819B8505D}
		{58F33CFF-94E1-468A-8A31-449D9D7D44BC} = {58F33CFF-94E1-468A-8A31-449D9D7D44BC}
	EndProjectSection
EndProject
Global
	GlobalSection(SolutionConfigurationPlatforms) = preSolution
		Debug|Any CPU = Debug|Any CPU
		Release|Any CPU = Release|Any CPU
	EndGlobalSection
	GlobalSection(ProjectConfigurationPlatforms) = postSolution
		{370E18F9-41F1-4F37-92D5-CB011488077D}.Debug|Any CPU.ActiveCfg = Debug|Any CPU
		{370E18F9-41F1-4F37-92D5-CB011488077D}.Debug|Any CPU.Build.0 = Debug|Any CPU
		{370E18F9-41F1-4F37-92D5-CB011488077D}.Release|Any CPU.ActiveCfg = Release|Any CPU
		{370E18F9-41F1-4F37-92D5-CB011488077D}.Release|Any CPU.Build.0 = Release|Any CPU
		{11B821F3-0F78-4075-A81E-0F00B6C80D93}.Debug|Any CPU.ActiveCfg = Debug|Any CPU
		{11B821F3-0F78-4075-A81E-0F00B6C80D93}.Debug|Any CPU.Build.0 = Debug|Any CPU
		{11B821F3-0F78-4075-A81E-0F00B6C80D93}.Release|Any CPU.ActiveCfg = Release|Any CPU
		{11B821F3-0F78-4075-A81E-0F00B6C80D93}.Release|Any CPU.Build.0 = Release|Any CPU
		{32348BF9-4CAF-4950-AA4F-95D819B8505D}.Debug|Any CPU.ActiveCfg = Debug|Any CPU
		{32348BF9-4CAF-4950-AA4F-95D819B8505D}.Debug|Any CPU.Build.0 = Debug|Any CPU
		{32348BF9-4CAF-4950-AA4F-95D819B8505D}.Release|Any CPU.ActiveCfg = Release|Any CPU
		{32348BF9-4CAF-4950-AA4F-95D819B8505D}.Release|Any CPU.Build.0 = Release|Any CPU
		{B2CA5935-9885-40D8-80DE-CA193D7446EC}.Debug|Any CPU.ActiveCfg = Debug|Any CPU
		{B2CA5935-9885-40D8-80DE-CA193D7446EC}.Debug|Any CPU.Build.0 = Debug|Any CPU
		{B2CA5935-9885-40D8-80DE-CA193D7446EC}.Release|Any CPU.ActiveCfg = Release|Any CPU
		{B2CA5935-9885-40D8-80DE-CA193D7446EC}.Release|Any CPU.Build.0 = Release|Any CPU
		{58F33CFF-94E1-468A-8A31-449D9D7D44BC}.Debug|Any CPU.ActiveCfg = Debug|Any CPU
		{58F33CFF-94E1-468A-8A31-449D9D7D44BC}.Debug|Any CPU.Build.0 = Debug|Any CPU
		{58F33CFF-94E1-468A-8A31-449D9D7D44BC}.Release|Any CPU.ActiveCfg = Release|Any CPU
		{58F33CFF-94E1-468A-8A31-449D9D7D44BC}.Release|Any CPU.Build.0 = Release|Any CPU
		{53A5E71F-ADD0-480E-A114-E884F7107E94}.Debug|Any CPU.ActiveCfg = Debug|Any CPU
		{53A5E71F-ADD0-480E-A114-E884F7107E94}.Debug|Any CPU.Build.0 = Debug|Any CPU
		{53A5E71F-ADD0-480E-A114-E884F7107E94}.Release|Any CPU.ActiveCfg = Release|Any CPU
		{53A5E71F-ADD0-480E-A114-E884F7107E94}.Release|Any CPU.Build.0 = Release|Any CPU
		{AE2A75B0-B004-4778-8497-FB0051301F6E}.Debug|Any CPU.ActiveCfg = Debug|Any CPU
		{AE2A75B0-B004-4778-8497-FB0051301F6E}.Debug|Any CPU.Build.0 = Debug|Any CPU
		{AE2A75B0-B004-4778-8497-FB0051301F6E}.Release|Any CPU.ActiveCfg = Release|Any CPU
		{AE2A75B0-B004-4778-8497-FB0051301F6E}.Release|Any CPU.Build.0 = Release|Any CPU
		{B343D7F7-474D-4B5C-890F-303E3B47B399}.Debug|Any CPU.ActiveCfg = Debug|Any CPU
		{B343D7F7-474D-4B5C-890F-303E3B47B399}.Debug|Any CPU.Build.0 = Debug|Any CPU
		{B343D7F7-474D-4B5C-890F-303E3B47B399}.Release|Any CPU.ActiveCfg = Release|Any CPU
		{B343D7F7-474D-4B5C-890F-303E3B47B399}.Release|Any CPU.Build.0 = Release|Any CPU
	EndGlobalSection
	GlobalSection(SolutionProperties) = preSolution
		HideSolutionNode = FALSE
	EndGlobalSection
	GlobalSection(ExtensibilityGlobals) = postSolution
		SolutionGuid = {9A493CDA-2462-486D-ABF4-2B7598CDB0FC}
	EndGlobalSection
EndGlobal
